
Microsoft Visual Studio Solution File, Format Version 12.00
# Visual Studio Version 16
VisualStudioVersion = 16.0.29418.71
MinimumVisualStudioVersion = 10.0.40219.1
Project("{FAE04EC0-301F-11D3-BF4B-00C04F79EFBC}") = "Listado", "Listado\Listado.csproj", "{C189EB59-FB44-4138-8684-F244F9853954}"
EndProject
Global
	GlobalSection(SolutionConfigurationPlatforms) = preSolution
		Debug|Any CPU = Debug|Any CPU
		Release|Any CPU = Release|Any CPU
	EndGlobalSection
	GlobalSection(ProjectConfigurationPlatforms) = postSolution
		{C189EB59-FB44-4138-8684-F244F9853954}.Debug|Any CPU.ActiveCfg = Debug|Any CPU
		{C189EB59-FB44-4138-8684-F244F9853954}.Debug|Any CPU.Build.0 = Debug|Any CPU
		{C189EB59-FB44-4138-8684-F244F9853954}.Release|Any CPU.ActiveCfg = Release|Any CPU
		{C189EB59-FB44-4138-8684-F244F9853954}.Release|Any CPU.Build.0 = Release|Any CPU
	EndGlobalSection
	GlobalSection(SolutionProperties) = preSolution
		HideSolutionNode = FALSE
	EndGlobalSection
	GlobalSection(ExtensibilityGlobals) = postSolution
		SolutionGuid = {A78F1F27-AAA3-4F72-8B54-D59B57F97EC8}
	EndGlobalSection
EndGlobal
